{
  "version": "4",
  "specifiers": {
    "npm:@hono/swagger-ui@*": "0.5.1_hono@4.7.8",
    "npm:@hono/zod-openapi@*": "0.19.6_hono@4.7.8_zod@3.24.2",
    "npm:swagger-themes@*": "1.4.3"
  },
  "npm": {
    "@asteasolutions/zod-to-openapi@7.3.0_zod@3.24.2": {
      "integrity": "sha512-7tE/r1gXwMIvGnXVUdIqUhCU1RevEFC4Jk6Bussa0fk1ecbnnINkZzj1EOAJyE/M3AI25DnHT/zKQL1/FPFi8Q==",
      "dependencies": [
        "openapi3-ts",
        "zod"
      ]
    },
    "@hono/swagger-ui@0.5.1_hono@4.7.8": {
      "integrity": "sha512-XpUCfszLJ9b1rtFdzqOSHfdg9pfBiC2J5piEjuSanYpDDTIwpMz0ciiv5N3WWUaQpz9fEgH8lttQqL41vIFuDA==",
      "dependencies": [
        "hono"
      ]
    },
    "@hono/zod-openapi@0.19.6_hono@4.7.8_zod@3.24.2": {
      "integrity": "sha512-qD2I0i5Ksry8gf47rXR6tuUAfv5S/wRZPRUNn+y8vOkgArDtIs30Ha3KGHeuGhcMk773D197IlPUppSCbHt6iQ==",
      "dependencies": [
        "@asteasolutions/zod-to-openapi",
        "@hono/zod-validator",
        "hono",
        "zod"
      ]
    },
    "@hono/zod-validator@0.5.0_hono@4.7.8_zod@3.24.2": {
      "integrity": "sha512-ds5bW6DCgAnNHP33E3ieSbaZFd5dkV52ZjyaXtGoR06APFrCtzAsKZxTHwOrJNBdXsi0e5wNwo5L4nVEVnJUdg==",
      "dependencies": [
        "hono",
        "zod"
      ]
    },
    "hono@4.7.8": {
      "integrity": "sha512-PCibtFdxa7/Ldud9yddl1G81GjYaeMYYTq4ywSaNsYbB1Lug4mwtOMJf2WXykL0pntYwmpRJeOI3NmoDgD+Jxw=="
    },
    "openapi3-ts@4.4.0": {
      "integrity": "sha512-9asTNB9IkKEzWMcHmVZE7Ts3kC9G7AFHfs8i7caD8HbI76gEjdkId4z/AkP83xdZsH7PLAnnbl47qZkXuxpArw==",
      "dependencies": [
        "yaml"
      ]
    },
    "swagger-themes@1.4.3": {
      "integrity": "sha512-1G0CqJC1IBbNxkAOyJoREd9hfwXH1R6+3GOFxLhQho2w2i+AbaJqkF4mTJhkce4yhaEMUXvv4KKu1YO/qpe6nQ=="
    },
    "yaml@2.7.1": {
      "integrity": "sha512-10ULxpnOCQXxJvBgxsn9ptjq6uviG/htZKk9veJGhlqn3w/DxQ631zFF+nlQXLwmImeS5amR2dl2U8sg6U9jsQ=="
    },
    "zod@3.24.2": {
      "integrity": "sha512-lY7CDW43ECgW9u1TcT3IoXHflywfVqDYze4waEz812jR/bZ8FHDsl7pFQoSZTz5N+2NqRXs8GBwnAwo3ZNxqhQ=="
    }
  }
}
